
Microsoft Visual Studio Solution File, Format Version 12.00
# Visual Studio Version 17
VisualStudioVersion = 17.11.35327.3
MinimumVisualStudioVersion = 10.0.40219.1
Project("{FAE04EC0-301F-11D3-BF4B-00C04F79EFBC}") = "LedgerAppUI", "LedgerAppUI\LedgerAppUI.csproj", "{4EA8006D-E938-4EE4-BFB2-C42EBE7AF3F4}"
EndProject
Global
	GlobalSection(SolutionConfigurationPlatforms) = preSolution
		Debug|Any CPU = Debug|Any CPU
		Release|Any CPU = Release|Any CPU
	EndGlobalSection
	GlobalSection(ProjectConfigurationPlatforms) = postSolution
		{4EA8006D-E938-4EE4-BFB2-C42EBE7AF3F4}.Debug|Any CPU.ActiveCfg = Debug|Any CPU
		{4EA8006D-E938-4EE4-BFB2-C42EBE7AF3F4}.Debug|Any CPU.Build.0 = Debug|Any CPU
		{4EA8006D-E938-4EE4-BFB2-C42EBE7AF3F4}.Release|Any CPU.ActiveCfg = Release|Any CPU
		{4EA8006D-E938-4EE4-BFB2-C42EBE7AF3F4}.Release|Any CPU.Build.0 = Release|Any CPU
	EndGlobalSection
	GlobalSection(SolutionProperties) = preSolution
		HideSolutionNode = FALSE
	EndGlobalSection
	GlobalSection(ExtensibilityGlobals) = postSolution
		SolutionGuid = {9FDD1F5C-0F7E-45DE-ABC4-3BBFFC24093C}
	EndGlobalSection
EndGlobal
